
Microsoft Visual Studio Solution File, Format Version 12.00
# Visual Studio Version 16
VisualStudioVersion = 16.0.30907.101
MinimumVisualStudioVersion = 10.0.40219.1
Project("{9A19103F-16F7-4668-BE54-9A1E7A4F7556}") = "FondoEstimulo", "FondoEstimulo\FondoEstimulo.csproj", "{039911E9-501B-4234-9D02-F182EC920A8A}"
EndProject
Global
	GlobalSection(SolutionConfigurationPlatforms) = preSolution
		Debug|Any CPU = Debug|Any CPU
		Release|Any CPU = Release|Any CPU
	EndGlobalSection
	GlobalSection(ProjectConfigurationPlatforms) = postSolution
		{039911E9-501B-4234-9D02-F182EC920A8A}.Debug|Any CPU.ActiveCfg = Debug|Any CPU
		{039911E9-501B-4234-9D02-F182EC920A8A}.Debug|Any CPU.Build.0 = Debug|Any CPU
		{039911E9-501B-4234-9D02-F182EC920A8A}.Release|Any CPU.ActiveCfg = Release|Any CPU
		{039911E9-501B-4234-9D02-F182EC920A8A}.Release|Any CPU.Build.0 = Release|Any CPU
	EndGlobalSection
	GlobalSection(SolutionProperties) = preSolution
		HideSolutionNode = FALSE
	EndGlobalSection
	GlobalSection(ExtensibilityGlobals) = postSolution
		SolutionGuid = {D20FC8B4-D9EF-4594-8278-37CA93223A8B}
	EndGlobalSection
EndGlobal
